# This file is automatically @generated by Cargo.
# It is not intended for manual editing.
[[package]]
name = "batsat"
version = "0.3.1"
source = "git+https://github.com/c-cube/batsat#3b91e4db79789b585714698e3b84c616c8e75d7f"
dependencies = [
 "bit-vec 0.5.1 (registry+https://github.com/rust-lang/crates.io-index)",
 "smallvec 0.6.9 (registry+https://github.com/rust-lang/crates.io-index)",
]

[[package]]
name = "batsat-stubs"
version = "0.1.0"
dependencies = [
 "batsat 0.3.1 (git+https://github.com/c-cube/batsat)",
 "ocaml 0.7.0 (git+https://github.com/zshipko/ocaml-rs.git)",
]

[[package]]
name = "bit-vec"
version = "0.5.1"
source = "registry+https://github.com/rust-lang/crates.io-index"

[[package]]
name = "ocaml"
version = "0.7.0"
source = "git+https://github.com/zshipko/ocaml-rs.git#415cd00579f0111aafc4d2c6a72513aebf89a0e3"

[[package]]
name = "smallvec"
version = "0.6.9"
source = "registry+https://github.com/rust-lang/crates.io-index"

[metadata]
"checksum batsat 0.3.1 (git+https://github.com/c-cube/batsat)" = "<none>"
"checksum bit-vec 0.5.0 (registry+https://github.com/rust-lang/crates.io-index)" = "4440d5cb623bb7390ae27fec0bb6c61111969860f8e3ae198bfa0663645e67cf"
"checksum ocaml 0.7.0 (git+https://github.com/zshipko/ocaml-rs.git)" = "<none>"
"checksum smallvec 0.6.5 (registry+https://github.com/rust-lang/crates.io-index)" = "153ffa32fd170e9944f7e0838edf824a754ec4c1fc64746fcc9fe1f8fa602e5d"
"checksum unreachable 1.0.0 (registry+https://github.com/rust-lang/crates.io-index)" = "382810877fe448991dfc7f0dd6e3ae5d58088fd0ea5e35189655f84e6814fa56"
"checksum void 1.0.2 (registry+https://github.com/rust-lang/crates.io-index)" = "6a02e4885ed3bc0f2de90ea6dd45ebcbb66dacffe03547fadbb0eeae2770887d"
