[[package]]
name = "batsat"
version = "0.3.1"
source = "git+https://github.com/c-cube/batsat#3b91e4db79789b585714698e3b84c616c8e75d7f"
dependencies = [
 "bit-vec 0.5.0 (registry+https://github.com/rust-lang/crates.io-index)",
 "smallvec 0.6.9 (registry+https://github.com/rust-lang/crates.io-index)",
]

[[package]]
name = "batsat-stubs"
version = "0.1.0"
dependencies = [
 "batsat 0.3.1 (git+https://github.com/c-cube/batsat)",
 "ocaml 0.7.0 (git+https://github.com/c-cube/ocaml-rs?rev=66243f7e700071cd50e66c9eacb3ca78b8cf0e73)",
]

[[package]]
name = "bit-vec"
version = "0.5.0"
source = "registry+https://github.com/rust-lang/crates.io-index"

[[package]]
name = "ocaml"
version = "0.7.0"
source = "git+https://github.com/c-cube/ocaml-rs?rev=66243f7e700071cd50e66c9eacb3ca78b8cf0e73#66243f7e700071cd50e66c9eacb3ca78b8cf0e73"

[[package]]
name = "smallvec"
version = "0.6.9"
source = "registry+https://github.com/rust-lang/crates.io-index"

[metadata]
"checksum batsat 0.3.1 (git+https://github.com/c-cube/batsat)" = "<none>"
"checksum bit-vec 0.5.0 (registry+https://github.com/rust-lang/crates.io-index)" = "4440d5cb623bb7390ae27fec0bb6c61111969860f8e3ae198bfa0663645e67cf"
"checksum ocaml 0.7.0 (git+https://github.com/c-cube/ocaml-rs?rev=66243f7e700071cd50e66c9eacb3ca78b8cf0e73)" = "<none>"
"checksum smallvec 0.6.9 (registry+https://github.com/rust-lang/crates.io-index)" = "c4488ae950c49d403731982257768f48fada354a5203fe81f9bb6f43ca9002be"
